
Microsoft Visual Studio Solution File, Format Version 12.00
# Visual Studio Version 17
VisualStudioVersion = 17.7.34031.279
MinimumVisualStudioVersion = 10.0.40219.1
Project("{FAE04EC0-301F-11D3-BF4B-00C04F79EFBC}") = "Clase05", "Clase05\Clase05.csproj", "{5F9F0F86-947C-4407-8FC4-6F4DE4BA4CDE}"
EndProject
Project("{FAE04EC0-301F-11D3-BF4B-00C04F79EFBC}") = "listas", "listas\listas.csproj", "{6FCCBE05-29C9-435C-8255-7DD3909D5918}"
EndProject
Project("{FAE04EC0-301F-11D3-BF4B-00C04F79EFBC}") = "Examen", "Examen\Examen.csproj", "{F4B9B138-6381-4C85-B62E-A3A644C8D7AE}"
EndProject
Global
	GlobalSection(SolutionConfigurationPlatforms) = preSolution
		Debug|Any CPU = Debug|Any CPU
		Release|Any CPU = Release|Any CPU
	EndGlobalSection
	GlobalSection(ProjectConfigurationPlatforms) = postSolution
		{5F9F0F86-947C-4407-8FC4-6F4DE4BA4CDE}.Debug|Any CPU.ActiveCfg = Debug|Any CPU
		{5F9F0F86-947C-4407-8FC4-6F4DE4BA4CDE}.Debug|Any CPU.Build.0 = Debug|Any CPU
		{5F9F0F86-947C-4407-8FC4-6F4DE4BA4CDE}.Release|Any CPU.ActiveCfg = Release|Any CPU
		{5F9F0F86-947C-4407-8FC4-6F4DE4BA4CDE}.Release|Any CPU.Build.0 = Release|Any CPU
		{6FCCBE05-29C9-435C-8255-7DD3909D5918}.Debug|Any CPU.ActiveCfg = Debug|Any CPU
		{6FCCBE05-29C9-435C-8255-7DD3909D5918}.Debug|Any CPU.Build.0 = Debug|Any CPU
		{6FCCBE05-29C9-435C-8255-7DD3909D5918}.Release|Any CPU.ActiveCfg = Release|Any CPU
		{6FCCBE05-29C9-435C-8255-7DD3909D5918}.Release|Any CPU.Build.0 = Release|Any CPU
		{F4B9B138-6381-4C85-B62E-A3A644C8D7AE}.Debug|Any CPU.ActiveCfg = Debug|Any CPU
		{F4B9B138-6381-4C85-B62E-A3A644C8D7AE}.Debug|Any CPU.Build.0 = Debug|Any CPU
		{F4B9B138-6381-4C85-B62E-A3A644C8D7AE}.Release|Any CPU.ActiveCfg = Release|Any CPU
		{F4B9B138-6381-4C85-B62E-A3A644C8D7AE}.Release|Any CPU.Build.0 = Release|Any CPU
	EndGlobalSection
	GlobalSection(SolutionProperties) = preSolution
		HideSolutionNode = FALSE
	EndGlobalSection
	GlobalSection(ExtensibilityGlobals) = postSolution
		SolutionGuid = {8E31C47B-6BD0-4B02-8893-EBD7102BD550}
	EndGlobalSection
EndGlobal
